
Microsoft Visual Studio Solution File, Format Version 12.00
Project("{FAE04EC0-301F-11D3-BF4B-00C04F79EFBC}") = "Core.TavridaTask", "Core.TavridaTask\Core.TavridaTask.csproj", "{CB22376D-6153-4F47-86FF-5B85799F1814}"
EndProject
Project("{FAE04EC0-301F-11D3-BF4B-00C04F79EFBC}") = "Infrastructure.TavridaTask", "Infrastructure.TavridaTask\Infrastructure.TavridaTask.csproj", "{C9CAD702-D2F7-4010-9701-E0507506662A}"
EndProject
Project("{FAE04EC0-301F-11D3-BF4B-00C04F79EFBC}") = "Api.TavridaTask", "Api.TavridaTask\Api.TavridaTask.csproj", "{8455E8F5-90CF-4B3D-8817-ADAF97A1D1BD}"
EndProject
Project("{FAE04EC0-301F-11D3-BF4B-00C04F79EFBC}") = "Test.TavridaTask", "Test.TavridaTask\Test.TavridaTask.csproj", "{196061BA-09A2-4863-AD99-3A732A83A7C9}"
EndProject
Global
	GlobalSection(SolutionConfigurationPlatforms) = preSolution
		Debug|Any CPU = Debug|Any CPU
		Release|Any CPU = Release|Any CPU
	EndGlobalSection
	GlobalSection(ProjectConfigurationPlatforms) = postSolution
		{CB22376D-6153-4F47-86FF-5B85799F1814}.Debug|Any CPU.ActiveCfg = Debug|Any CPU
		{CB22376D-6153-4F47-86FF-5B85799F1814}.Debug|Any CPU.Build.0 = Debug|Any CPU
		{CB22376D-6153-4F47-86FF-5B85799F1814}.Release|Any CPU.ActiveCfg = Release|Any CPU
		{CB22376D-6153-4F47-86FF-5B85799F1814}.Release|Any CPU.Build.0 = Release|Any CPU
		{C9CAD702-D2F7-4010-9701-E0507506662A}.Debug|Any CPU.ActiveCfg = Debug|Any CPU
		{C9CAD702-D2F7-4010-9701-E0507506662A}.Debug|Any CPU.Build.0 = Debug|Any CPU
		{C9CAD702-D2F7-4010-9701-E0507506662A}.Release|Any CPU.ActiveCfg = Release|Any CPU
		{C9CAD702-D2F7-4010-9701-E0507506662A}.Release|Any CPU.Build.0 = Release|Any CPU
		{8455E8F5-90CF-4B3D-8817-ADAF97A1D1BD}.Debug|Any CPU.ActiveCfg = Debug|Any CPU
		{8455E8F5-90CF-4B3D-8817-ADAF97A1D1BD}.Debug|Any CPU.Build.0 = Debug|Any CPU
		{8455E8F5-90CF-4B3D-8817-ADAF97A1D1BD}.Release|Any CPU.ActiveCfg = Release|Any CPU
		{8455E8F5-90CF-4B3D-8817-ADAF97A1D1BD}.Release|Any CPU.Build.0 = Release|Any CPU
		{196061BA-09A2-4863-AD99-3A732A83A7C9}.Debug|Any CPU.ActiveCfg = Debug|Any CPU
		{196061BA-09A2-4863-AD99-3A732A83A7C9}.Debug|Any CPU.Build.0 = Debug|Any CPU
		{196061BA-09A2-4863-AD99-3A732A83A7C9}.Release|Any CPU.ActiveCfg = Release|Any CPU
		{196061BA-09A2-4863-AD99-3A732A83A7C9}.Release|Any CPU.Build.0 = Release|Any CPU
	EndGlobalSection
EndGlobal
